// !$*UTF8*$!
{
	archiveVersion = 1;
	classes = {
	};
	objectVersion = 48;
	objects = {

/* Begin PBXBuildFile section */
		9F4ADC1E1EEC3BE700E3A20B /* AppDelegate.m in Sources */ = {isa = PBXBuildFile; fileRef = 9F4ADC1D1EEC3BE700E3A20B /* AppDelegate.m */; };
		9F4ADC211EEC3BE700E3A20B /* ViewController.m in Sources */ = {isa = PBXBuildFile; fileRef = 9F4ADC201EEC3BE700E3A20B /* ViewController.m */; };
		9F4ADC241EEC3BE700E3A20B /* Main.storyboard in Resources */ = {isa = PBXBuildFile; fileRef = 9F4ADC221EEC3BE700E3A20B /* Main.storyboard */; };
		9F4ADC261EEC3BE700E3A20B /* Assets.xcassets in Resources */ = {isa = PBXBuildFile; fileRef = 9F4ADC251EEC3BE700E3A20B /* Assets.xcassets */; };
		9F4ADC291EEC3BE700E3A20B /* LaunchScreen.storyboard in Resources */ = {isa = PBXBuildFile; fileRef = 9F4ADC271EEC3BE700E3A20B /* LaunchScreen.storyboard */; };
		9F4ADC2C1EEC3BE700E3A20B /* main.m in Sources */ = {isa = PBXBuildFile; fileRef = 9F4ADC2B1EEC3BE700E3A20B /* main.m */; };
		9F4ADC3E1EEC3DAA00E3A20B /* FMDatabaseQueue.m in Sources */ = {isa = PBXBuildFile; fileRef = 9F4ADC341EEC3D6900E3A20B /* FMDatabaseQueue.m */; };
		9F4ADC3F1EEC3DAA00E3A20B /* FMDatabaseAdditions.m in Sources */ = {isa = PBXBuildFile; fileRef = 9F4ADC371EEC3D6900E3A20B /* FMDatabaseAdditions.m */; };
		9F4ADC401EEC3DAA00E3A20B /* FMDatabase.m in Sources */ = {isa = PBXBuildFile; fileRef = 9F4ADC381EEC3D6900E3A20B /* FMDatabase.m */; };
		9F4ADC411EEC3DAA00E3A20B /* FMDatabasePool.m in Sources */ = {isa = PBXBuildFile; fileRef = 9F4ADC3C1EEC3D6900E3A20B /* FMDatabasePool.m */; };
		9F4ADC421EEC3DAA00E3A20B /* FMResultSet.m in Sources */ = {isa = PBXBuildFile; fileRef = 9F4ADC3D1EEC3D6900E3A20B /* FMResultSet.m */; };
		9F4ADC451EEC3E0900E3A20B /* libsqlite3.tbd in Frameworks */ = {isa = PBXBuildFile; fileRef = 9F4ADC441EEC3DF100E3A20B /* libsqlite3.tbd */; };
/* End PBXBuildFile section */

/* Begin PBXFileReference section */
		9F4ADC191EEC3BE700E3A20B /* FMDBDemo.app */ = {isa = PBXFileReference; explicitFileType = wrapper.application; includeInIndex = 0; path = FMDBDemo.app; sourceTree = BUILT_PRODUCTS_DIR; };
		9F4ADC1C1EEC3BE700E3A20B /* AppDelegate.h */ = {isa = PBXFileReference; lastKnownFileType = sourcecode.c.h; path = AppDelegate.h; sourceTree = "<group>"; };
		9F4ADC1D1EEC3BE700E3A20B /* AppDelegate.m */ = {isa = PBXFileReference; lastKnownFileType = sourcecode.c.objc; path = AppDelegate.m; sourceTree = "<group>"; };
		9F4ADC1F1EEC3BE700E3A20B /* ViewController.h */ = {isa = PBXFileReference; lastKnownFileType = sourcecode.c.h; path = ViewController.h; sourceTree = "<group>"; };
		9F4ADC201EEC3BE700E3A20B /* ViewController.m */ = {isa = PBXFileReference; lastKnownFileType = sourcecode.c.objc; path = ViewController.m; sourceTree = "<group>"; };
		9F4ADC231EEC3BE700E3A20B /* Base */ = {isa = PBXFileReference; lastKnownFileType = file.storyboard; name = Base; path = Base.lproj/Main.storyboard; sourceTree = "<group>"; };
		9F4ADC251EEC3BE700E3A20B /* Assets.xcassets */ = {isa = PBXFileReference; lastKnownFileType = folder.assetcatalog; path = Assets.xcassets; sourceTree = "<group>"; };
		9F4ADC281EEC3BE700E3A20B /* Base */ = {isa = PBXFileReference; lastKnownFileType = file.storyboard; name = Base; path = Base.lproj/LaunchScreen.storyboard; sourceTree = "<group>"; };
		9F4ADC2A1EEC3BE700E3A20B /* Info.plist */ = {isa = PBXFileReference; lastKnownFileType = text.plist.xml; path = Info.plist; sourceTree = "<group>"; };
		9F4ADC2B1EEC3BE700E3A20B /* main.m */ = {isa = PBXFileReference; lastKnownFileType = sourcecode.c.objc; path = main.m; sourceTree = "<group>"; };
		9F4ADC331EEC3D6900E3A20B /* FMDatabase.h */ = {isa = PBXFileReference; lastKnownFileType = sourcecode.c.h; path = FMDatabase.h; sourceTree = "<group>"; };
		9F4ADC341EEC3D6900E3A20B /* FMDatabaseQueue.m */ = {isa = PBXFileReference; lastKnownFileType = sourcecode.c.objc; path = FMDatabaseQueue.m; sourceTree = "<group>"; };
		9F4ADC351EEC3D6900E3A20B /* FMResultSet.h */ = {isa = PBXFileReference; lastKnownFileType = sourcecode.c.h; path = FMResultSet.h; sourceTree = "<group>"; };
		9F4ADC361EEC3D6900E3A20B /* FMDatabasePool.h */ = {isa = PBXFileReference; lastKnownFileType = sourcecode.c.h; path = FMDatabasePool.h; sourceTree = "<group>"; };
		9F4ADC371EEC3D6900E3A20B /* FMDatabaseAdditions.m */ = {isa = PBXFileReference; lastKnownFileType = sourcecode.c.objc; path = FMDatabaseAdditions.m; sourceTree = "<group>"; };
		9F4ADC381EEC3D6900E3A20B /* FMDatabase.m */ = {isa = PBXFileReference; lastKnownFileType = sourcecode.c.objc; path = FMDatabase.m; sourceTree = "<group>"; };
		9F4ADC391EEC3D6900E3A20B /* FMDatabaseQueue.h */ = {isa = PBXFileReference; lastKnownFileType = sourcecode.c.h; path = FMDatabaseQueue.h; sourceTree = "<group>"; };
		9F4ADC3A1EEC3D6900E3A20B /* FMDB.h */ = {isa = PBXFileReference; lastKnownFileType = sourcecode.c.h; path = FMDB.h; sourceTree = "<group>"; };
		9F4ADC3B1EEC3D6900E3A20B /* FMDatabaseAdditions.h */ = {isa = PBXFileReference; lastKnownFileType = sourcecode.c.h; path = FMDatabaseAdditions.h; sourceTree = "<group>"; };
		9F4ADC3C1EEC3D6900E3A20B /* FMDatabasePool.m */ = {isa = PBXFileReference; lastKnownFileType = sourcecode.c.objc; path = FMDatabasePool.m; sourceTree = "<group>"; };
		9F4ADC3D1EEC3D6900E3A20B /* FMResultSet.m */ = {isa = PBXFileReference; lastKnownFileType = sourcecode.c.objc; path = FMResultSet.m; sourceTree = "<group>"; };
		9F4ADC441EEC3DF100E3A20B /* libsqlite3.tbd */ = {isa = PBXFileReference; lastKnownFileType = "sourcecode.text-based-dylib-definition"; name = libsqlite3.tbd; path = usr/lib/libsqlite3.tbd; sourceTree = SDKROOT; };
/* End PBXFileReference section */

/* Begin PBXFrameworksBuildPhase section */
		9F4ADC161EEC3BE700E3A20B /* Frameworks */ = {
			isa = PBXFrameworksBuildPhase;
			buildActionMask = 2147483647;
			files = (
				9F4ADC451EEC3E0900E3A20B /* libsqlite3.tbd in Frameworks */,
			);
			runOnlyForDeploymentPostprocessing = 0;
		};
/* End PBXFrameworksBuildPhase section */

/* Begin PBXGroup section */
		9F4ADC101EEC3BE700E3A20B = {
			isa = PBXGroup;
			children = (
				9F4ADC1B1EEC3BE700E3A20B /* FMDBDemo */,
				9F4ADC1A1EEC3BE700E3A20B /* Products */,
				9F4ADC431EEC3DF100E3A20B /* Frameworks */,
			);
			sourceTree = "<group>";
		};
		9F4ADC1A1EEC3BE700E3A20B /* Products */ = {
			isa = PBXGroup;
			children = (
				9F4ADC191EEC3BE700E3A20B /* FMDBDemo.app */,
			);
			name = Products;
			sourceTree = "<group>";
		};
		9F4ADC1B1EEC3BE700E3A20B /* FMDBDemo */ = {
			isa = PBXGroup;
			children = (
				9F4ADC321EEC3D6900E3A20B /* FMDatabase */,
				9F4ADC1C1EEC3BE700E3A20B /* AppDelegate.h */,
				9F4ADC1D1EEC3BE700E3A20B /* AppDelegate.m */,
				9F4ADC1F1EEC3BE700E3A20B /* ViewController.h */,
				9F4ADC201EEC3BE700E3A20B /* ViewController.m */,
				9F4ADC221EEC3BE700E3A20B /* Main.storyboard */,
				9F4ADC251EEC3BE700E3A20B /* Assets.xcassets */,
				9F4ADC271EEC3BE700E3A20B /* LaunchScreen.storyboard */,
				9F4ADC2A1EEC3BE700E3A20B /* Info.plist */,
				9F4ADC2B1EEC3BE700E3A20B /* main.m */,
			);
			path = FMDBDemo;
			sourceTree = "<group>";
		};
		9F4ADC321EEC3D6900E3A20B /* FMDatabase */ = {
			isa = PBXGroup;
			children = (
				9F4ADC331EEC3D6900E3A20B /* FMDatabase.h */,
				9F4ADC341EEC3D6900E3A20B /* FMDatabaseQueue.m */,
				9F4ADC351EEC3D6900E3A20B /* FMResultSet.h */,
				9F4ADC361EEC3D6900E3A20B /* FMDatabasePool.h */,
				9F4ADC371EEC3D6900E3A20B /* FMDatabaseAdditions.m */,
				9F4ADC381EEC3D6900E3A20B /* FMDatabase.m */,
				9F4ADC391EEC3D6900E3A20B /* FMDatabaseQueue.h */,
				9F4ADC3A1EEC3D6900E3A20B /* FMDB.h */,
				9F4ADC3B1EEC3D6900E3A20B /* FMDatabaseAdditions.h */,
				9F4ADC3C1EEC3D6900E3A20B /* FMDatabasePool.m */,
				9F4ADC3D1EEC3D6900E3A20B /* FMResultSet.m */,
			);
			path = FMDatabase;
			sourceTree = "<group>";
		};
		9F4ADC431EEC3DF100E3A20B /* Frameworks */ = {
			isa = PBXGroup;
			children = (
				9F4ADC441EEC3DF100E3A20B /* libsqlite3.tbd */,
			);
			name = Frameworks;
			sourceTree = "<group>";
		};
/* End PBXGroup section */

/* Begin PBXNativeTarget section */
		9F4ADC181EEC3BE700E3A20B /* FMDBDemo */ = {
			isa = PBXNativeTarget;
			buildConfigurationList = 9F4ADC2F1EEC3BE700E3A20B /* Build configuration list for PBXNativeTarget "FMDBDemo" */;
			buildPhases = (
				9F4ADC151EEC3BE700E3A20B /* Sources */,
				9F4ADC161EEC3BE700E3A20B /* Frameworks */,
				9F4ADC171EEC3BE700E3A20B /* Resources */,
			);
			buildRules = (
			);
			dependencies = (
			);
			name = FMDBDemo;
			productName = FMDBDemo;
			productReference = 9F4ADC191EEC3BE700E3A20B /* FMDBDemo.app */;
			productType = "com.apple.product-type.application";
		};
/* End PBXNativeTarget section */

/* Begin PBXProject section */
		9F4ADC111EEC3BE700E3A20B /* Project object */ = {
			isa = PBXProject;
			attributes = {
				LastUpgradeCheck = 0900;
				ORGANIZATIONNAME = "溪枫狼";
				TargetAttributes = {
					9F4ADC181EEC3BE700E3A20B = {
						CreatedOnToolsVersion = 9.0;
					};
				};
			};
			buildConfigurationList = 9F4ADC141EEC3BE700E3A20B /* Build configuration list for PBXProject "FMDBDemo" */;
			compatibilityVersion = "Xcode 8.0";
			developmentRegion = en;
			hasScannedForEncodings = 0;
			knownRegions = (
				en,
				Base,
			);
			mainGroup = 9F4ADC101EEC3BE700E3A20B;
			productRefGroup = 9F4ADC1A1EEC3BE700E3A20B /* Products */;
			projectDirPath = "";
			projectRoot = "";
			targets = (
				9F4ADC181EEC3BE700E3A20B /* FMDBDemo */,
			);
		};
/* End PBXProject section */

/* Begin PBXResourcesBuildPhase section */
		9F4ADC171EEC3BE700E3A20B /* Resources */ = {
			isa = PBXResourcesBuildPhase;
			buildActionMask = 2147483647;
			files = (
				9F4ADC291EEC3BE700E3A20B /* LaunchScreen.storyboard in Resources */,
				9F4ADC261EEC3BE700E3A20B /* Assets.xcassets in Resources */,
				9F4ADC241EEC3BE700E3A20B /* Main.storyboard in Resources */,
			);
			runOnlyForDeploymentPostprocessing = 0;
		};
/* End PBXResourcesBuildPhase section */

/* Begin PBXSourcesBuildPhase section */
		9F4ADC151EEC3BE700E3A20B /* Sources */ = {
			isa = PBXSourcesBuildPhase;
			buildActionMask = 2147483647;
			files = (
				9F4ADC3E1EEC3DAA00E3A20B /* FMDatabaseQueue.m in Sources */,
				9F4ADC3F1EEC3DAA00E3A20B /* FMDatabaseAdditions.m in Sources */,
				9F4ADC401EEC3DAA00E3A20B /* FMDatabase.m in Sources */,
				9F4ADC411EEC3DAA00E3A20B /* FMDatabasePool.m in Sources */,
				9F4ADC421EEC3DAA00E3A20B /* FMResultSet.m in Sources */,
				9F4ADC211EEC3BE700E3A20B /* ViewController.m in Sources */,
				9F4ADC2C1EEC3BE700E3A20B /* main.m in Sources */,
				9F4ADC1E1EEC3BE700E3A20B /* AppDelegate.m in Sources */,
			);
			runOnlyForDeploymentPostprocessing = 0;
		};
/* End PBXSourcesBuildPhase section */

/* Begin PBXVariantGroup section */
		9F4ADC221EEC3BE700E3A20B /* Main.storyboard */ = {
			isa = PBXVariantGroup;
			children = (
				9F4ADC231EEC3BE700E3A20B /* Base */,
			);
			name = Main.storyboard;
			sourceTree = "<group>";
		};
		9F4ADC271EEC3BE700E3A20B /* LaunchScreen.storyboard */ = {
			isa = PBXVariantGroup;
			children = (
				9F4ADC281EEC3BE700E3A20B /* Base */,
			);
			name = LaunchScreen.storyboard;
			sourceTree = "<group>";
		};
/* End PBXVariantGroup section */

/* Begin XCBuildConfiguration section */
		9F4ADC2D1EEC3BE700E3A20B /* Debug */ = {
			isa = XCBuildConfiguration;
			buildSettings = {
				ALWAYS_SEARCH_USER_PATHS = NO;
				CLANG_ANALYZER_NONNULL = YES;
				CLANG_ANALYZER_NUMBER_OBJECT_CONVERSION = YES_AGGRESSIVE;
				CLANG_CXX_LANGUAGE_STANDARD = "gnu++14";
				CLANG_CXX_LIBRARY = "libc++";
				CLANG_ENABLE_MODULES = YES;
				CLANG_ENABLE_OBJC_ARC = YES;
				CLANG_WARN_BLOCK_CAPTURE_AUTORELEASING = YES;
				CLANG_WARN_BOOL_CONVERSION = YES;
				CLANG_WARN_COMMA = YES;
				CLANG_WARN_CONSTANT_CONVERSION = YES;
				CLANG_WARN_DIRECT_OBJC_ISA_USAGE = YES_ERROR;
				CLANG_WARN_DOCUMENTATION_COMMENTS = YES;
				CLANG_WARN_EMPTY_BODY = YES;
				CLANG_WARN_ENUM_CONVERSION = YES;
				CLANG_WARN_INFINITE_RECURSION = YES;
				CLANG_WARN_INT_CONVERSION = YES;
				CLANG_WARN_OBJC_ROOT_CLASS = YES_ERROR;
				CLANG_WARN_RANGE_LOOP_ANALYSIS = YES;
				CLANG_WARN_STRICT_PROTOTYPES = YES;
				CLANG_WARN_SUSPICIOUS_MOVE = YES;
				CLANG_WARN_UNGUARDED_AVAILABILITY = YES_AGGRESSIVE;
				CLANG_WARN_UNREACHABLE_CODE = YES;
				CLANG_WARN__DUPLICATE_METHOD_MATCH = YES;
				CODE_SIGN_IDENTITY = "iPhone Developer";
				COPY_PHASE_STRIP = NO;
				DEBUG_INFORMATION_FORMAT = dwarf;
				ENABLE_STRICT_OBJC_MSGSEND = YES;
				ENABLE_TESTABILITY = YES;
				GCC_C_LANGUAGE_STANDARD = gnu11;
				GCC_DYNAMIC_NO_PIC = NO;
				GCC_NO_COMMON_BLOCKS = YES;
				GCC_OPTIMIZATION_LEVEL = 0;
				GCC_PREPROCESSOR_DEFINITIONS = (
					"DEBUG=1",
					"$(inherited)",
				);
				GCC_WARN_64_TO_32_BIT_CONVERSION = YES;
				GCC_WARN_ABOUT_RETURN_TYPE = YES_ERROR;
				GCC_WARN_UNDECLARED_SELECTOR = YES;
				GCC_WARN_UNINITIALIZED_AUTOS = YES_AGGRESSIVE;
				GCC_WARN_UNUSED_FUNCTION = YES;
				GCC_WARN_UNUSED_VARIABLE = YES;
				IPHONEOS_DEPLOYMENT_TARGET = 11.0;
				MTL_ENABLE_DEBUG_INFO = YES;
				ONLY_ACTIVE_ARCH = YES;
				SDKROOT = iphoneos;
			};
			name = Debug;
		};
		9F4ADC2E1EEC3BE700E3A20B /* Release */ = {
			isa = XCBuildConfiguration;
			buildSettings = {
				ALWAYS_SEARCH_USER_PATHS = NO;
				CLANG_ANALYZER_NONNULL = YES;
				CLANG_ANALYZER_NUMBER_OBJECT_CONVERSION = YES_AGGRESSIVE;
				CLANG_CXX_LANGUAGE_STANDARD = "gnu++14";
				CLANG_CXX_LIBRARY = "libc++";
				CLANG_ENABLE_MODULES = YES;
				CLANG_ENABLE_OBJC_ARC = YES;
				CLANG_WARN_BLOCK_CAPTURE_AUTORELEASING = YES;
				CLANG_WARN_BOOL_CONVERSION = YES;
				CLANG_WARN_COMMA = YES;
				CLANG_WARN_CONSTANT_CONVERSION = YES;
				CLANG_WARN_DIRECT_OBJC_ISA_USAGE = YES_ERROR;
				CLANG_WARN_DOCUMENTATION_COMMENTS = YES;
				CLANG_WARN_EMPTY_BODY = YES;
				CLANG_WARN_ENUM_CONVERSION = YES;
				CLANG_WARN_INFINITE_RECURSION = YES;
				CLANG_WARN_INT_CONVERSION = YES;
				CLANG_WARN_OBJC_ROOT_CLASS = YES_ERROR;
				CLANG_WARN_RANGE_LOOP_ANALYSIS = YES;
				CLANG_WARN_STRICT_PROTOTYPES = YES;
				CLANG_WARN_SUSPICIOUS_MOVE = YES;
				CLANG_WARN_UNGUARDED_AVAILABILITY = YES_AGGRESSIVE;
				CLANG_WARN_UNREACHABLE_CODE = YES;
				CLANG_WARN__DUPLICATE_METHOD_MATCH = YES;
				CODE_SIGN_IDENTITY = "iPhone Developer";
				COPY_PHASE_STRIP = NO;
				DEBUG_INFORMATION_FORMAT = "dwarf-with-dsym";
				ENABLE_NS_ASSERTIONS = NO;
				ENABLE_STRICT_OBJC_MSGSEND = YES;
				GCC_C_LANGUAGE_STANDARD = gnu11;
				GCC_NO_COMMON_BLOCKS = YES;
				GCC_WARN_64_TO_32_BIT_CONVERSION = YES;
				GCC_WARN_ABOUT_RETURN_TYPE = YES_ERROR;
				GCC_WARN_UNDECLARED_SELECTOR = YES;
				GCC_WARN_UNINITIALIZED_AUTOS = YES_AGGRESSIVE;
				GCC_WARN_UNUSED_FUNCTION = YES;
				GCC_WARN_UNUSED_VARIABLE = YES;
				IPHONEOS_DEPLOYMENT_TARGET = 11.0;
				MTL_ENABLE_DEBUG_INFO = NO;
				SDKROOT = iphoneos;
				VALIDATE_PRODUCT = YES;
			};
			name = Release;
		};
		9F4ADC301EEC3BE700E3A20B /* Debug */ = {
			isa = XCBuildConfiguration;
			buildSettings = {
				ASSETCATALOG_COMPILER_APPICON_NAME = AppIcon;
				DEVELOPMENT_TEAM = 756Y4UTJUH;
				INFOPLIST_FILE = FMDBDemo/Info.plist;
				LD_RUNPATH_SEARCH_PATHS = "$(inherited) @executable_path/Frameworks";
				PRODUCT_BUNDLE_IDENTIFIER = com.xifenglang.FMDBDemo;
				PRODUCT_NAME = "$(TARGET_NAME)";
				TARGETED_DEVICE_FAMILY = "1,2";
			};
			name = Debug;
		};
		9F4ADC311EEC3BE700E3A20B /* Release */ = {
			isa = XCBuildConfiguration;
			buildSettings = {
				ASSETCATALOG_COMPILER_APPICON_NAME = AppIcon;
				DEVELOPMENT_TEAM = 756Y4UTJUH;
				INFOPLIST_FILE = FMDBDemo/Info.plist;
				LD_RUNPATH_SEARCH_PATHS = "$(inherited) @executable_path/Frameworks";
				PRODUCT_BUNDLE_IDENTIFIER = com.xifenglang.FMDBDemo;
				PRODUCT_NAME = "$(TARGET_NAME)";
				TARGETED_DEVICE_FAMILY = "1,2";
			};
			name = Release;
		};
/* End XCBuildConfiguration section */

/* Begin XCConfigurationList section */
		9F4ADC141EEC3BE700E3A20B /* Build configuration list for PBXProject "FMDBDemo" */ = {
			isa = XCConfigurationList;
			buildConfigurations = (
				9F4ADC2D1EEC3BE700E3A20B /* Debug */,
				9F4ADC2E1EEC3BE700E3A20B /* Release */,
			);
			defaultConfigurationIsVisible = 0;
			defaultConfigurationName = Release;
		};
		9F4ADC2F1EEC3BE700E3A20B /* Build configuration list for PBXNativeTarget "FMDBDemo" */ = {
			isa = XCConfigurationList;
			buildConfigurations = (
				9F4ADC301EEC3BE700E3A20B /* Debug */,
				9F4ADC311EEC3BE700E3A20B /* Release */,
			);
			defaultConfigurationIsVisible = 0;
			defaultConfigurationName = Release;
		};
/* End XCConfigurationList section */
	};
	rootObject = 9F4ADC111EEC3BE700E3A20B /* Project object */;
}
